<Solution>
  <Folder Name="/sample/">
    <File Path="sample/Directory.Packages.props" />
    <Project Path="sample/AGUIDojoServer/AGUIDojoServer.csproj" />
    <Project Path="sample/DeepSeek.Agui.Agent/DeepSeek.Agui.Agent.csproj" />
    <Project Path="sample/DeepSeek.Agui.Console/DeepSeek.Agui.Console.csproj" />
    <Project Path="sample/DeepSeek.Agui.CustomClient/DeepSeek.Agui.CustomClient.csproj" />
    <Project Path="sample/DeepSeek.Sample/DeepSeek.Sample.csproj" />
  </Folder>
  <Folder Name="/src/">
    <Project Path="src/DeepSeek.Agents.AI/DeepSeek.Agents.AI.csproj" />
    <Project Path="src/DeepSeek.Core/DeepSeek.Core.csproj" />
  </Folder>
  <Folder Name="/test/">
    <Project Path="test/DeepSeek.Agents.AI.UnitTests/DeepSeek.Agents.AI.UnitTests.csproj" />
    <Project Path="test/DeepSeek.IntegrationTests/DeepSeek.IntegrationTests.csproj" />
    <Project Path="test/DeepSeek.Tests/DeepSeek.Tests.csproj" />
  </Folder>
</Solution>
